
Microsoft Visual Studio Solution File, Format Version 12.00
# Visual Studio Version 17
VisualStudioVersion = 17.5.33516.290
MinimumVisualStudioVersion = 10.0.40219.1
Project("{FAE04EC0-301F-11D3-BF4B-00C04F79EFBC}") = "Tanki", "Tanki\Tanki.csproj", "{C679ECF6-4AC4-46F7-BA7C-F4A2A6AF43D4}"
EndProject
Project("{2150E333-8FDC-42A3-9474-1A3956D46DE8}") = "Domain", "Domain", "{A2562D7C-E2C5-4E4E-9445-912D58279D39}"
EndProject
Project("{FAE04EC0-301F-11D3-BF4B-00C04F79EFBC}") = "Tanki.Domain", "Tanki.Domain\Tanki.Domain.csproj", "{24E61FFD-1973-4976-8C0E-7985201776FA}"
EndProject
Project("{2150E333-8FDC-42A3-9474-1A3956D46DE8}") = "Persistence", "Persistence", "{123C1E48-42C2-4905-972C-CE2467A956D6}"
EndProject
Project("{FAE04EC0-301F-11D3-BF4B-00C04F79EFBC}") = "Tanki.Persistence", "Tanki.Persistence\Tanki.Persistence.csproj", "{BDF58C51-909D-4A9F-BDA3-7DA37BA14A85}"
EndProject
Project("{2150E333-8FDC-42A3-9474-1A3956D46DE8}") = "Services", "Services", "{7DB4F169-967F-4B8E-AD5B-9916F3806CAF}"
EndProject
Project("{FAE04EC0-301F-11D3-BF4B-00C04F79EFBC}") = "Tanki.Services", "Tanki.Services\Tanki.Services.csproj", "{FB54BB48-EF26-4D79-AA07-ECC0DF1DBD88}"
EndProject
Project("{2150E333-8FDC-42A3-9474-1A3956D46DE8}") = "Infrastructure", "Infrastructure", "{711EB5A9-11D6-4C3C-9B0F-13FC3F2E4ACB}"
EndProject
Project("{FAE04EC0-301F-11D3-BF4B-00C04F79EFBC}") = "Tanki.Infrastructure", "Tanki.Infrastructure\Tanki.Infrastructure.csproj", "{1387952E-B9A1-4315-965D-7C69C7F8ADA4}"
EndProject
Global
	GlobalSection(SolutionConfigurationPlatforms) = preSolution
		Debug|Any CPU = Debug|Any CPU
		Release|Any CPU = Release|Any CPU
	EndGlobalSection
	GlobalSection(ProjectConfigurationPlatforms) = postSolution
		{C679ECF6-4AC4-46F7-BA7C-F4A2A6AF43D4}.Debug|Any CPU.ActiveCfg = Debug|Any CPU
		{C679ECF6-4AC4-46F7-BA7C-F4A2A6AF43D4}.Debug|Any CPU.Build.0 = Debug|Any CPU
		{C679ECF6-4AC4-46F7-BA7C-F4A2A6AF43D4}.Release|Any CPU.ActiveCfg = Release|Any CPU
		{C679ECF6-4AC4-46F7-BA7C-F4A2A6AF43D4}.Release|Any CPU.Build.0 = Release|Any CPU
		{24E61FFD-1973-4976-8C0E-7985201776FA}.Debug|Any CPU.ActiveCfg = Debug|Any CPU
		{24E61FFD-1973-4976-8C0E-7985201776FA}.Debug|Any CPU.Build.0 = Debug|Any CPU
		{24E61FFD-1973-4976-8C0E-7985201776FA}.Release|Any CPU.ActiveCfg = Release|Any CPU
		{24E61FFD-1973-4976-8C0E-7985201776FA}.Release|Any CPU.Build.0 = Release|Any CPU
		{BDF58C51-909D-4A9F-BDA3-7DA37BA14A85}.Debug|Any CPU.ActiveCfg = Debug|Any CPU
		{BDF58C51-909D-4A9F-BDA3-7DA37BA14A85}.Debug|Any CPU.Build.0 = Debug|Any CPU
		{BDF58C51-909D-4A9F-BDA3-7DA37BA14A85}.Release|Any CPU.ActiveCfg = Release|Any CPU
		{BDF58C51-909D-4A9F-BDA3-7DA37BA14A85}.Release|Any CPU.Build.0 = Release|Any CPU
		{FB54BB48-EF26-4D79-AA07-ECC0DF1DBD88}.Debug|Any CPU.ActiveCfg = Debug|Any CPU
		{FB54BB48-EF26-4D79-AA07-ECC0DF1DBD88}.Debug|Any CPU.Build.0 = Debug|Any CPU
		{FB54BB48-EF26-4D79-AA07-ECC0DF1DBD88}.Release|Any CPU.ActiveCfg = Release|Any CPU
		{FB54BB48-EF26-4D79-AA07-ECC0DF1DBD88}.Release|Any CPU.Build.0 = Release|Any CPU
		{1387952E-B9A1-4315-965D-7C69C7F8ADA4}.Debug|Any CPU.ActiveCfg = Debug|Any CPU
		{1387952E-B9A1-4315-965D-7C69C7F8ADA4}.Debug|Any CPU.Build.0 = Debug|Any CPU
		{1387952E-B9A1-4315-965D-7C69C7F8ADA4}.Release|Any CPU.ActiveCfg = Release|Any CPU
		{1387952E-B9A1-4315-965D-7C69C7F8ADA4}.Release|Any CPU.Build.0 = Release|Any CPU
	EndGlobalSection
	GlobalSection(SolutionProperties) = preSolution
		HideSolutionNode = FALSE
	EndGlobalSection
	GlobalSection(NestedProjects) = preSolution
		{24E61FFD-1973-4976-8C0E-7985201776FA} = {A2562D7C-E2C5-4E4E-9445-912D58279D39}
		{BDF58C51-909D-4A9F-BDA3-7DA37BA14A85} = {123C1E48-42C2-4905-972C-CE2467A956D6}
		{FB54BB48-EF26-4D79-AA07-ECC0DF1DBD88} = {7DB4F169-967F-4B8E-AD5B-9916F3806CAF}
		{1387952E-B9A1-4315-965D-7C69C7F8ADA4} = {711EB5A9-11D6-4C3C-9B0F-13FC3F2E4ACB}
	EndGlobalSection
	GlobalSection(ExtensibilityGlobals) = postSolution
		SolutionGuid = {E9C95AF9-2312-47F0-B82D-B77C6C537FF9}
	EndGlobalSection
EndGlobal
